
Microsoft Visual Studio Solution File, Format Version 12.00
# Visual Studio Version 17
VisualStudioVersion = 17.5.33516.290
MinimumVisualStudioVersion = 10.0.40219.1
Project("{FAE04EC0-301F-11D3-BF4B-00C04F79EFBC}") = "DurakGame", "DurakGame\DurakGame.csproj", "{3B0586D3-D62C-4C8A-93C1-61C782E59AEA}"
EndProject
Global
	GlobalSection(SolutionConfigurationPlatforms) = preSolution
		Debug|Any CPU = Debug|Any CPU
		Release|Any CPU = Release|Any CPU
	EndGlobalSection
	GlobalSection(ProjectConfigurationPlatforms) = postSolution
		{3B0586D3-D62C-4C8A-93C1-61C782E59AEA}.Debug|Any CPU.ActiveCfg = Debug|Any CPU
		{3B0586D3-D62C-4C8A-93C1-61C782E59AEA}.Debug|Any CPU.Build.0 = Debug|Any CPU
		{3B0586D3-D62C-4C8A-93C1-61C782E59AEA}.Release|Any CPU.ActiveCfg = Release|Any CPU
		{3B0586D3-D62C-4C8A-93C1-61C782E59AEA}.Release|Any CPU.Build.0 = Release|Any CPU
	EndGlobalSection
	GlobalSection(SolutionProperties) = preSolution
		HideSolutionNode = FALSE
	EndGlobalSection
	GlobalSection(ExtensibilityGlobals) = postSolution
		SolutionGuid = {0C931EB9-6B8B-4F0A-A882-5A5F9476D47B}
	EndGlobalSection
EndGlobal
